// !$*UTF8*$!
{
	archiveVersion = 1;
	classes = {
	};
	objectVersion = 50;
	objects = {

/* Begin PBXBuildFile section */
		DFAC52062329FE1A00894F7F /* AppDelegate.swift in Sources */ = {isa = PBXBuildFile; fileRef = DFAC52052329FE1A00894F7F /* AppDelegate.swift */; };
		DFAC52082329FE1A00894F7F /* ViewController.swift in Sources */ = {isa = PBXBuildFile; fileRef = DFAC52072329FE1A00894F7F /* ViewController.swift */; };
		DFAC520B2329FE1A00894F7F /* Main.storyboard in Resources */ = {isa = PBXBuildFile; fileRef = DFAC52092329FE1A00894F7F /* Main.storyboard */; };
		DFAC520D2329FE1C00894F7F /* Assets.xcassets in Resources */ = {isa = PBXBuildFile; fileRef = DFAC520C2329FE1C00894F7F /* Assets.xcassets */; };
		DFAC52102329FE1C00894F7F /* LaunchScreen.storyboard in Resources */ = {isa = PBXBuildFile; fileRef = DFAC520E2329FE1C00894F7F /* LaunchScreen.storyboard */; };
		DFAC521A2329FF3500894F7F /* RedditPostTableViewCell.swift in Sources */ = {isa = PBXBuildFile; fileRef = DFAC52182329FF3500894F7F /* RedditPostTableViewCell.swift */; };
		DFAC521B2329FF3500894F7F /* RedditPostTableViewCell.xib in Resources */ = {isa = PBXBuildFile; fileRef = DFAC52192329FF3500894F7F /* RedditPostTableViewCell.xib */; };
/* End PBXBuildFile section */

/* Begin PBXFileReference section */
		DFAC52022329FE1A00894F7F /* RedditPostViewer.app */ = {isa = PBXFileReference; explicitFileType = wrapper.application; includeInIndex = 0; path = RedditPostViewer.app; sourceTree = BUILT_PRODUCTS_DIR; };
		DFAC52052329FE1A00894F7F /* AppDelegate.swift */ = {isa = PBXFileReference; lastKnownFileType = sourcecode.swift; path = AppDelegate.swift; sourceTree = "<group>"; };
		DFAC52072329FE1A00894F7F /* ViewController.swift */ = {isa = PBXFileReference; lastKnownFileType = sourcecode.swift; path = ViewController.swift; sourceTree = "<group>"; };
		DFAC520A2329FE1A00894F7F /* Base */ = {isa = PBXFileReference; lastKnownFileType = file.storyboard; name = Base; path = Base.lproj/Main.storyboard; sourceTree = "<group>"; };
		DFAC520C2329FE1C00894F7F /* Assets.xcassets */ = {isa = PBXFileReference; lastKnownFileType = folder.assetcatalog; path = Assets.xcassets; sourceTree = "<group>"; };
		DFAC520F2329FE1C00894F7F /* Base */ = {isa = PBXFileReference; lastKnownFileType = file.storyboard; name = Base; path = Base.lproj/LaunchScreen.storyboard; sourceTree = "<group>"; };
		DFAC52112329FE1C00894F7F /* Info.plist */ = {isa = PBXFileReference; lastKnownFileType = text.plist.xml; path = Info.plist; sourceTree = "<group>"; };
		DFAC52182329FF3500894F7F /* RedditPostTableViewCell.swift */ = {isa = PBXFileReference; lastKnownFileType = sourcecode.swift; path = RedditPostTableViewCell.swift; sourceTree = "<group>"; };
		DFAC52192329FF3500894F7F /* RedditPostTableViewCell.xib */ = {isa = PBXFileReference; lastKnownFileType = file.xib; path = RedditPostTableViewCell.xib; sourceTree = "<group>"; };
/* End PBXFileReference section */

/* Begin PBXFrameworksBuildPhase section */
		DFAC51FF2329FE1A00894F7F /* Frameworks */ = {
			isa = PBXFrameworksBuildPhase;
			buildActionMask = 2147483647;
			files = (
			);
			runOnlyForDeploymentPostprocessing = 0;
		};
/* End PBXFrameworksBuildPhase section */

/* Begin PBXGroup section */
		DFAC51F92329FE1A00894F7F = {
			isa = PBXGroup;
			children = (
				DFAC52042329FE1A00894F7F /* RedditPostViewer */,
				DFAC52032329FE1A00894F7F /* Products */,
			);
			sourceTree = "<group>";
		};
		DFAC52032329FE1A00894F7F /* Products */ = {
			isa = PBXGroup;
			children = (
				DFAC52022329FE1A00894F7F /* RedditPostViewer.app */,
			);
			name = Products;
			sourceTree = "<group>";
		};
		DFAC52042329FE1A00894F7F /* RedditPostViewer */ = {
			isa = PBXGroup;
			children = (
				DFAC52172329FF1800894F7F /* RedditPostTableViewCell */,
				DFAC52052329FE1A00894F7F /* AppDelegate.swift */,
				DFAC52072329FE1A00894F7F /* ViewController.swift */,
				DFAC52092329FE1A00894F7F /* Main.storyboard */,
				DFAC520C2329FE1C00894F7F /* Assets.xcassets */,
				DFAC520E2329FE1C00894F7F /* LaunchScreen.storyboard */,
				DFAC52112329FE1C00894F7F /* Info.plist */,
			);
			path = RedditPostViewer;
			sourceTree = "<group>";
		};
		DFAC52172329FF1800894F7F /* RedditPostTableViewCell */ = {
			isa = PBXGroup;
			children = (
				DFAC52182329FF3500894F7F /* RedditPostTableViewCell.swift */,
				DFAC52192329FF3500894F7F /* RedditPostTableViewCell.xib */,
			);
			path = RedditPostTableViewCell;
			sourceTree = "<group>";
		};
/* End PBXGroup section */

/* Begin PBXNativeTarget section */
		DFAC52012329FE1A00894F7F /* RedditPostViewer */ = {
			isa = PBXNativeTarget;
			buildConfigurationList = DFAC52142329FE1C00894F7F /* Build configuration list for PBXNativeTarget "RedditPostViewer" */;
			buildPhases = (
				DFAC51FE2329FE1A00894F7F /* Sources */,
				DFAC51FF2329FE1A00894F7F /* Frameworks */,
				DFAC52002329FE1A00894F7F /* Resources */,
			);
			buildRules = (
			);
			dependencies = (
			);
			name = RedditPostViewer;
			productName = RedditPostViewer;
			productReference = DFAC52022329FE1A00894F7F /* RedditPostViewer.app */;
			productType = "com.apple.product-type.application";
		};
/* End PBXNativeTarget section */

/* Begin PBXProject section */
		DFAC51FA2329FE1A00894F7F /* Project object */ = {
			isa = PBXProject;
			attributes = {
				LastSwiftUpdateCheck = 1020;
				LastUpgradeCheck = 1020;
				ORGANIZATIONNAME = Akhil;
				TargetAttributes = {
					DFAC52012329FE1A00894F7F = {
						CreatedOnToolsVersion = 10.2.1;
					};
				};
			};
			buildConfigurationList = DFAC51FD2329FE1A00894F7F /* Build configuration list for PBXProject "RedditPostViewer" */;
			compatibilityVersion = "Xcode 9.3";
			developmentRegion = en;
			hasScannedForEncodings = 0;
			knownRegions = (
				en,
				Base,
			);
			mainGroup = DFAC51F92329FE1A00894F7F;
			productRefGroup = DFAC52032329FE1A00894F7F /* Products */;
			projectDirPath = "";
			projectRoot = "";
			targets = (
				DFAC52012329FE1A00894F7F /* RedditPostViewer */,
			);
		};
/* End PBXProject section */

/* Begin PBXResourcesBuildPhase section */
		DFAC52002329FE1A00894F7F /* Resources */ = {
			isa = PBXResourcesBuildPhase;
			buildActionMask = 2147483647;
			files = (
				DFAC52102329FE1C00894F7F /* LaunchScreen.storyboard in Resources */,
				DFAC521B2329FF3500894F7F /* RedditPostTableViewCell.xib in Resources */,
				DFAC520D2329FE1C00894F7F /* Assets.xcassets in Resources */,
				DFAC520B2329FE1A00894F7F /* Main.storyboard in Resources */,
			);
			runOnlyForDeploymentPostprocessing = 0;
		};
/* End PBXResourcesBuildPhase section */

/* Begin PBXSourcesBuildPhase section */
		DFAC51FE2329FE1A00894F7F /* Sources */ = {
			isa = PBXSourcesBuildPhase;
			buildActionMask = 2147483647;
			files = (
				DFAC52082329FE1A00894F7F /* ViewController.swift in Sources */,
				DFAC521A2329FF3500894F7F /* RedditPostTableViewCell.swift in Sources */,
				DFAC52062329FE1A00894F7F /* AppDelegate.swift in Sources */,
			);
			runOnlyForDeploymentPostprocessing = 0;
		};
/* End PBXSourcesBuildPhase section */

/* Begin PBXVariantGroup section */
		DFAC52092329FE1A00894F7F /* Main.storyboard */ = {
			isa = PBXVariantGroup;
			children = (
				DFAC520A2329FE1A00894F7F /* Base */,
			);
			name = Main.storyboard;
			sourceTree = "<group>";
		};
		DFAC520E2329FE1C00894F7F /* LaunchScreen.storyboard */ = {
			isa = PBXVariantGroup;
			children = (
				DFAC520F2329FE1C00894F7F /* Base */,
			);
			name = LaunchScreen.storyboard;
			sourceTree = "<group>";
		};
/* End PBXVariantGroup section */

/* Begin XCBuildConfiguration section */
		DFAC52122329FE1C00894F7F /* Debug */ = {
			isa = XCBuildConfiguration;
			buildSettings = {
				ALWAYS_SEARCH_USER_PATHS = NO;
				CLANG_ANALYZER_NONNULL = YES;
				CLANG_ANALYZER_NUMBER_OBJECT_CONVERSION = YES_AGGRESSIVE;
				CLANG_CXX_LANGUAGE_STANDARD = "gnu++14";
				CLANG_CXX_LIBRARY = "libc++";
				CLANG_ENABLE_MODULES = YES;
				CLANG_ENABLE_OBJC_ARC = YES;
				CLANG_ENABLE_OBJC_WEAK = YES;
				CLANG_WARN_BLOCK_CAPTURE_AUTORELEASING = YES;
				CLANG_WARN_BOOL_CONVERSION = YES;
				CLANG_WARN_COMMA = YES;
				CLANG_WARN_CONSTANT_CONVERSION = YES;
				CLANG_WARN_DEPRECATED_OBJC_IMPLEMENTATIONS = YES;
				CLANG_WARN_DIRECT_OBJC_ISA_USAGE = YES_ERROR;
				CLANG_WARN_DOCUMENTATION_COMMENTS = YES;
				CLANG_WARN_EMPTY_BODY = YES;
				CLANG_WARN_ENUM_CONVERSION = YES;
				CLANG_WARN_INFINITE_RECURSION = YES;
				CLANG_WARN_INT_CONVERSION = YES;
				CLANG_WARN_NON_LITERAL_NULL_CONVERSION = YES;
				CLANG_WARN_OBJC_IMPLICIT_RETAIN_SELF = YES;
				CLANG_WARN_OBJC_LITERAL_CONVERSION = YES;
				CLANG_WARN_OBJC_ROOT_CLASS = YES_ERROR;
				CLANG_WARN_RANGE_LOOP_ANALYSIS = YES;
				CLANG_WARN_STRICT_PROTOTYPES = YES;
				CLANG_WARN_SUSPICIOUS_MOVE = YES;
				CLANG_WARN_UNGUARDED_AVAILABILITY = YES_AGGRESSIVE;
				CLANG_WARN_UNREACHABLE_CODE = YES;
				CLANG_WARN__DUPLICATE_METHOD_MATCH = YES;
				CODE_SIGN_IDENTITY = "iPhone Developer";
				COPY_PHASE_STRIP = NO;
				DEBUG_INFORMATION_FORMAT = dwarf;
				ENABLE_STRICT_OBJC_MSGSEND = YES;
				ENABLE_TESTABILITY = YES;
				GCC_C_LANGUAGE_STANDARD = gnu11;
				GCC_DYNAMIC_NO_PIC = NO;
				GCC_NO_COMMON_BLOCKS = YES;
				GCC_OPTIMIZATION_LEVEL = 0;
				GCC_PREPROCESSOR_DEFINITIONS = (
					"DEBUG=1",
					"$(inherited)",
				);
				GCC_WARN_64_TO_32_BIT_CONVERSION = YES;
				GCC_WARN_ABOUT_RETURN_TYPE = YES_ERROR;
				GCC_WARN_UNDECLARED_SELECTOR = YES;
				GCC_WARN_UNINITIALIZED_AUTOS = YES_AGGRESSIVE;
				GCC_WARN_UNUSED_FUNCTION = YES;
				GCC_WARN_UNUSED_VARIABLE = YES;
				IPHONEOS_DEPLOYMENT_TARGET = 12.2;
				MTL_ENABLE_DEBUG_INFO = INCLUDE_SOURCE;
				MTL_FAST_MATH = YES;
				ONLY_ACTIVE_ARCH = YES;
				SDKROOT = iphoneos;
				SWIFT_ACTIVE_COMPILATION_CONDITIONS = DEBUG;
				SWIFT_OPTIMIZATION_LEVEL = "-Onone";
			};
			name = Debug;
		};
		DFAC52132329FE1C00894F7F /* Release */ = {
			isa = XCBuildConfiguration;
			buildSettings = {
				ALWAYS_SEARCH_USER_PATHS = NO;
				CLANG_ANALYZER_NONNULL = YES;
				CLANG_ANALYZER_NUMBER_OBJECT_CONVERSION = YES_AGGRESSIVE;
				CLANG_CXX_LANGUAGE_STANDARD = "gnu++14";
				CLANG_CXX_LIBRARY = "libc++";
				CLANG_ENABLE_MODULES = YES;
				CLANG_ENABLE_OBJC_ARC = YES;
				CLANG_ENABLE_OBJC_WEAK = YES;
				CLANG_WARN_BLOCK_CAPTURE_AUTORELEASING = YES;
				CLANG_WARN_BOOL_CONVERSION = YES;
				CLANG_WARN_COMMA = YES;
				CLANG_WARN_CONSTANT_CONVERSION = YES;
				CLANG_WARN_DEPRECATED_OBJC_IMPLEMENTATIONS = YES;
				CLANG_WARN_DIRECT_OBJC_ISA_USAGE = YES_ERROR;
				CLANG_WARN_DOCUMENTATION_COMMENTS = YES;
				CLANG_WARN_EMPTY_BODY = YES;
				CLANG_WARN_ENUM_CONVERSION = YES;
				CLANG_WARN_INFINITE_RECURSION = YES;
				CLANG_WARN_INT_CONVERSION = YES;
				CLANG_WARN_NON_LITERAL_NULL_CONVERSION = YES;
				CLANG_WARN_OBJC_IMPLICIT_RETAIN_SELF = YES;
				CLANG_WARN_OBJC_LITERAL_CONVERSION = YES;
				CLANG_WARN_OBJC_ROOT_CLASS = YES_ERROR;
				CLANG_WARN_RANGE_LOOP_ANALYSIS = YES;
				CLANG_WARN_STRICT_PROTOTYPES = YES;
				CLANG_WARN_SUSPICIOUS_MOVE = YES;
				CLANG_WARN_UNGUARDED_AVAILABILITY = YES_AGGRESSIVE;
				CLANG_WARN_UNREACHABLE_CODE = YES;
				CLANG_WARN__DUPLICATE_METHOD_MATCH = YES;
				CODE_SIGN_IDENTITY = "iPhone Developer";
				COPY_PHASE_STRIP = NO;
				DEBUG_INFORMATION_FORMAT = "dwarf-with-dsym";
				ENABLE_NS_ASSERTIONS = NO;
				ENABLE_STRICT_OBJC_MSGSEND = YES;
				GCC_C_LANGUAGE_STANDARD = gnu11;
				GCC_NO_COMMON_BLOCKS = YES;
				GCC_WARN_64_TO_32_BIT_CONVERSION = YES;
				GCC_WARN_ABOUT_RETURN_TYPE = YES_ERROR;
				GCC_WARN_UNDECLARED_SELECTOR = YES;
				GCC_WARN_UNINITIALIZED_AUTOS = YES_AGGRESSIVE;
				GCC_WARN_UNUSED_FUNCTION = YES;
				GCC_WARN_UNUSED_VARIABLE = YES;
				IPHONEOS_DEPLOYMENT_TARGET = 12.2;
				MTL_ENABLE_DEBUG_INFO = NO;
				MTL_FAST_MATH = YES;
				SDKROOT = iphoneos;
				SWIFT_COMPILATION_MODE = wholemodule;
				SWIFT_OPTIMIZATION_LEVEL = "-O";
				VALIDATE_PRODUCT = YES;
			};
			name = Release;
		};
		DFAC52152329FE1C00894F7F /* Debug */ = {
			isa = XCBuildConfiguration;
			buildSettings = {
				ASSETCATALOG_COMPILER_APPICON_NAME = AppIcon;
				CODE_SIGN_STYLE = Automatic;
				DEVELOPMENT_TEAM = 8GKYAMHZVK;
				INFOPLIST_FILE = RedditPostViewer/Info.plist;
				LD_RUNPATH_SEARCH_PATHS = (
					"$(inherited)",
					"@executable_path/Frameworks",
				);
				PRODUCT_BUNDLE_IDENTIFIER = Akhil.RedditPostViewer;
				PRODUCT_NAME = "$(TARGET_NAME)";
				SWIFT_VERSION = 5.0;
				TARGETED_DEVICE_FAMILY = "1,2";
			};
			name = Debug;
		};
		DFAC52162329FE1C00894F7F /* Release */ = {
			isa = XCBuildConfiguration;
			buildSettings = {
				ASSETCATALOG_COMPILER_APPICON_NAME = AppIcon;
				CODE_SIGN_STYLE = Automatic;
				DEVELOPMENT_TEAM = 8GKYAMHZVK;
				INFOPLIST_FILE = RedditPostViewer/Info.plist;
				LD_RUNPATH_SEARCH_PATHS = (
					"$(inherited)",
					"@executable_path/Frameworks",
				);
				PRODUCT_BUNDLE_IDENTIFIER = Akhil.RedditPostViewer;
				PRODUCT_NAME = "$(TARGET_NAME)";
				SWIFT_VERSION = 5.0;
				TARGETED_DEVICE_FAMILY = "1,2";
			};
			name = Release;
		};
/* End XCBuildConfiguration section */

/* Begin XCConfigurationList section */
		DFAC51FD2329FE1A00894F7F /* Build configuration list for PBXProject "RedditPostViewer" */ = {
			isa = XCConfigurationList;
			buildConfigurations = (
				DFAC52122329FE1C00894F7F /* Debug */,
				DFAC52132329FE1C00894F7F /* Release */,
			);
			defaultConfigurationIsVisible = 0;
			defaultConfigurationName = Release;
		};
		DFAC52142329FE1C00894F7F /* Build configuration list for PBXNativeTarget "RedditPostViewer" */ = {
			isa = XCConfigurationList;
			buildConfigurations = (
				DFAC52152329FE1C00894F7F /* Debug */,
				DFAC52162329FE1C00894F7F /* Release */,
			);
			defaultConfigurationIsVisible = 0;
			defaultConfigurationName = Release;
		};
/* End XCConfigurationList section */
	};
	rootObject = DFAC51FA2329FE1A00894F7F /* Project object */;
}
